
Microsoft Visual Studio Solution File, Format Version 12.00
# Visual Studio Version 17
VisualStudioVersion = 17.3.32901.215
MinimumVisualStudioVersion = 10.0.40219.1
Project("{9A19103F-16F7-4668-BE54-9A1E7A4F7556}") = "MyMath", "MyMath.csproj", "{BCD80316-D903-4261-9977-4D1855F92CFC}"
EndProject
Project("{9A19103F-16F7-4668-BE54-9A1E7A4F7556}") = "MyMath.UnitTests", "..\MathTests\MyMath.UnitTests.csproj", "{B39B6A10-1383-4CE2-804E-D9247118394A}"
EndProject
Project("{2150E333-8FDC-42A3-9474-1A3956D46DE8}") = "src", "src", "{B3B8E556-807F-40CC-84D5-860937DCFD74}"
EndProject
Project("{2150E333-8FDC-42A3-9474-1A3956D46DE8}") = "tests", "tests", "{AF2EA3FA-09E0-4C0C-AE16-62FF288637B6}"
EndProject
Global
	GlobalSection(SolutionConfigurationPlatforms) = preSolution
		Debug|Any CPU = Debug|Any CPU
		Release|Any CPU = Release|Any CPU
	EndGlobalSection
	GlobalSection(ProjectConfigurationPlatforms) = postSolution
		{BCD80316-D903-4261-9977-4D1855F92CFC}.Debug|Any CPU.ActiveCfg = Debug|Any CPU
		{BCD80316-D903-4261-9977-4D1855F92CFC}.Debug|Any CPU.Build.0 = Debug|Any CPU
		{BCD80316-D903-4261-9977-4D1855F92CFC}.Release|Any CPU.ActiveCfg = Release|Any CPU
		{BCD80316-D903-4261-9977-4D1855F92CFC}.Release|Any CPU.Build.0 = Release|Any CPU
		{B39B6A10-1383-4CE2-804E-D9247118394A}.Debug|Any CPU.ActiveCfg = Debug|Any CPU
		{B39B6A10-1383-4CE2-804E-D9247118394A}.Debug|Any CPU.Build.0 = Debug|Any CPU
		{B39B6A10-1383-4CE2-804E-D9247118394A}.Release|Any CPU.ActiveCfg = Release|Any CPU
		{B39B6A10-1383-4CE2-804E-D9247118394A}.Release|Any CPU.Build.0 = Release|Any CPU
	EndGlobalSection
	GlobalSection(SolutionProperties) = preSolution
		HideSolutionNode = FALSE
	EndGlobalSection
	GlobalSection(NestedProjects) = preSolution
		{BCD80316-D903-4261-9977-4D1855F92CFC} = {B3B8E556-807F-40CC-84D5-860937DCFD74}
		{B39B6A10-1383-4CE2-804E-D9247118394A} = {AF2EA3FA-09E0-4C0C-AE16-62FF288637B6}
	EndGlobalSection
	GlobalSection(ExtensibilityGlobals) = postSolution
		SolutionGuid = {181E6C5B-FDCD-401A-93F6-FE701A957998}
	EndGlobalSection
EndGlobal
